// !$*UTF8*$!
{
	archiveVersion = 1;
	classes = {
	};
	objectVersion = 55;
	objects = {

/* Begin PBXBuildFile section */
		F2B2DB8328AF048D00AA633B /* GoodOnesApp.swift in Sources */ = {isa = PBXBuildFile; fileRef = F2B2DB8228AF048D00AA633B /* GoodOnesApp.swift */; };
		F2B2DB8528AF048D00AA633B /* ContentView.swift in Sources */ = {isa = PBXBuildFile; fileRef = F2B2DB8428AF048D00AA633B /* ContentView.swift */; };
		F2B2DB8728AF049700AA633B /* Assets.xcassets in Resources */ = {isa = PBXBuildFile; fileRef = F2B2DB8628AF049700AA633B /* Assets.xcassets */; };
		F2B2DB8A28AF049700AA633B /* Preview Assets.xcassets in Resources */ = {isa = PBXBuildFile; fileRef = F2B2DB8928AF049700AA633B /* Preview Assets.xcassets */; };
		F2B2DB9428AF049700AA633B /* GoodOnesTests.swift in Sources */ = {isa = PBXBuildFile; fileRef = F2B2DB9328AF049700AA633B /* GoodOnesTests.swift */; };
		F2B2DB9E28AF049700AA633B /* GoodOnesUITests.swift in Sources */ = {isa = PBXBuildFile; fileRef = F2B2DB9D28AF049700AA633B /* GoodOnesUITests.swift */; };
		F2B2DBA028AF049700AA633B /* GoodOnesUITestsLaunchTests.swift in Sources */ = {isa = PBXBuildFile; fileRef = F2B2DB9F28AF049700AA633B /* GoodOnesUITestsLaunchTests.swift */; };
		F2B2DBB028AF1A4400AA633B /* PhotoCell.swift in Sources */ = {isa = PBXBuildFile; fileRef = F2B2DBAF28AF1A4400AA633B /* PhotoCell.swift */; };
		F2B2DBB228AF294B00AA633B /* GridView.swift in Sources */ = {isa = PBXBuildFile; fileRef = F2B2DBB128AF294B00AA633B /* GridView.swift */; };
		F2B2DBB528AF383000AA633B /* Popovers in Frameworks */ = {isa = PBXBuildFile; productRef = F2B2DBB428AF383000AA633B /* Popovers */; };
/* End PBXBuildFile section */

/* Begin PBXContainerItemProxy section */
		F2B2DB9028AF049700AA633B /* PBXContainerItemProxy */ = {
			isa = PBXContainerItemProxy;
			containerPortal = F2B2DB7728AF048D00AA633B /* Project object */;
			proxyType = 1;
			remoteGlobalIDString = F2B2DB7E28AF048D00AA633B;
			remoteInfo = GoodOnes;
		};
		F2B2DB9A28AF049700AA633B /* PBXContainerItemProxy */ = {
			isa = PBXContainerItemProxy;
			containerPortal = F2B2DB7728AF048D00AA633B /* Project object */;
			proxyType = 1;
			remoteGlobalIDString = F2B2DB7E28AF048D00AA633B;
			remoteInfo = GoodOnes;
		};
/* End PBXContainerItemProxy section */

/* Begin PBXFileReference section */
		F2B2DB7F28AF048D00AA633B /* GoodOnes.app */ = {isa = PBXFileReference; explicitFileType = wrapper.application; includeInIndex = 0; path = GoodOnes.app; sourceTree = BUILT_PRODUCTS_DIR; };
		F2B2DB8228AF048D00AA633B /* GoodOnesApp.swift */ = {isa = PBXFileReference; lastKnownFileType = sourcecode.swift; path = GoodOnesApp.swift; sourceTree = "<group>"; };
		F2B2DB8428AF048D00AA633B /* ContentView.swift */ = {isa = PBXFileReference; lastKnownFileType = sourcecode.swift; path = ContentView.swift; sourceTree = "<group>"; };
		F2B2DB8628AF049700AA633B /* Assets.xcassets */ = {isa = PBXFileReference; lastKnownFileType = folder.assetcatalog; path = Assets.xcassets; sourceTree = "<group>"; };
		F2B2DB8928AF049700AA633B /* Preview Assets.xcassets */ = {isa = PBXFileReference; lastKnownFileType = folder.assetcatalog; path = "Preview Assets.xcassets"; sourceTree = "<group>"; };
		F2B2DB8F28AF049700AA633B /* GoodOnesTests.xctest */ = {isa = PBXFileReference; explicitFileType = wrapper.cfbundle; includeInIndex = 0; path = GoodOnesTests.xctest; sourceTree = BUILT_PRODUCTS_DIR; };
		F2B2DB9328AF049700AA633B /* GoodOnesTests.swift */ = {isa = PBXFileReference; lastKnownFileType = sourcecode.swift; path = GoodOnesTests.swift; sourceTree = "<group>"; };
		F2B2DB9928AF049700AA633B /* GoodOnesUITests.xctest */ = {isa = PBXFileReference; explicitFileType = wrapper.cfbundle; includeInIndex = 0; path = GoodOnesUITests.xctest; sourceTree = BUILT_PRODUCTS_DIR; };
		F2B2DB9D28AF049700AA633B /* GoodOnesUITests.swift */ = {isa = PBXFileReference; lastKnownFileType = sourcecode.swift; path = GoodOnesUITests.swift; sourceTree = "<group>"; };
		F2B2DB9F28AF049700AA633B /* GoodOnesUITestsLaunchTests.swift */ = {isa = PBXFileReference; lastKnownFileType = sourcecode.swift; path = GoodOnesUITestsLaunchTests.swift; sourceTree = "<group>"; };
		F2B2DBAF28AF1A4400AA633B /* PhotoCell.swift */ = {isa = PBXFileReference; lastKnownFileType = sourcecode.swift; path = PhotoCell.swift; sourceTree = "<group>"; };
		F2B2DBB128AF294B00AA633B /* GridView.swift */ = {isa = PBXFileReference; lastKnownFileType = sourcecode.swift; path = GridView.swift; sourceTree = "<group>"; };
/* End PBXFileReference section */

/* Begin PBXFrameworksBuildPhase section */
		F2B2DB7C28AF048D00AA633B /* Frameworks */ = {
			isa = PBXFrameworksBuildPhase;
			buildActionMask = 2147483647;
			files = (
				F2B2DBB528AF383000AA633B /* Popovers in Frameworks */,
			);
			runOnlyForDeploymentPostprocessing = 0;
		};
		F2B2DB8C28AF049700AA633B /* Frameworks */ = {
			isa = PBXFrameworksBuildPhase;
			buildActionMask = 2147483647;
			files = (
			);
			runOnlyForDeploymentPostprocessing = 0;
		};
		F2B2DB9628AF049700AA633B /* Frameworks */ = {
			isa = PBXFrameworksBuildPhase;
			buildActionMask = 2147483647;
			files = (
			);
			runOnlyForDeploymentPostprocessing = 0;
		};
/* End PBXFrameworksBuildPhase section */

/* Begin PBXGroup section */
		F2B2DB7628AF048D00AA633B = {
			isa = PBXGroup;
			children = (
				F2B2DB8128AF048D00AA633B /* GoodOnes */,
				F2B2DB9228AF049700AA633B /* GoodOnesTests */,
				F2B2DB9C28AF049700AA633B /* GoodOnesUITests */,
				F2B2DB8028AF048D00AA633B /* Products */,
			);
			sourceTree = "<group>";
		};
		F2B2DB8028AF048D00AA633B /* Products */ = {
			isa = PBXGroup;
			children = (
				F2B2DB7F28AF048D00AA633B /* GoodOnes.app */,
				F2B2DB8F28AF049700AA633B /* GoodOnesTests.xctest */,
				F2B2DB9928AF049700AA633B /* GoodOnesUITests.xctest */,
			);
			name = Products;
			sourceTree = "<group>";
		};
		F2B2DB8128AF048D00AA633B /* GoodOnes */ = {
			isa = PBXGroup;
			children = (
				F2B2DBAC28AF194C00AA633B /* GridFeature */,
				F2B2DB8228AF048D00AA633B /* GoodOnesApp.swift */,
				F2B2DB8428AF048D00AA633B /* ContentView.swift */,
				F2B2DB8628AF049700AA633B /* Assets.xcassets */,
				F2B2DB8828AF049700AA633B /* Preview Content */,
			);
			path = GoodOnes;
			sourceTree = "<group>";
		};
		F2B2DB8828AF049700AA633B /* Preview Content */ = {
			isa = PBXGroup;
			children = (
				F2B2DB8928AF049700AA633B /* Preview Assets.xcassets */,
			);
			path = "Preview Content";
			sourceTree = "<group>";
		};
		F2B2DB9228AF049700AA633B /* GoodOnesTests */ = {
			isa = PBXGroup;
			children = (
				F2B2DB9328AF049700AA633B /* GoodOnesTests.swift */,
			);
			path = GoodOnesTests;
			sourceTree = "<group>";
		};
		F2B2DB9C28AF049700AA633B /* GoodOnesUITests */ = {
			isa = PBXGroup;
			children = (
				F2B2DB9D28AF049700AA633B /* GoodOnesUITests.swift */,
				F2B2DB9F28AF049700AA633B /* GoodOnesUITestsLaunchTests.swift */,
			);
			path = GoodOnesUITests;
			sourceTree = "<group>";
		};
		F2B2DBAC28AF194C00AA633B /* GridFeature */ = {
			isa = PBXGroup;
			children = (
				F2B2DBAE28AF198100AA633B /* GridFeature */,
				F2B2DBAD28AF196900AA633B /* GridUI */,
			);
			path = GridFeature;
			sourceTree = "<group>";
		};
		F2B2DBAD28AF196900AA633B /* GridUI */ = {
			isa = PBXGroup;
			children = (
				F2B2DBAF28AF1A4400AA633B /* PhotoCell.swift */,
				F2B2DBB128AF294B00AA633B /* GridView.swift */,
			);
			path = GridUI;
			sourceTree = "<group>";
		};
		F2B2DBAE28AF198100AA633B /* GridFeature */ = {
			isa = PBXGroup;
			children = (
			);
			path = GridFeature;
			sourceTree = "<group>";
		};
/* End PBXGroup section */

/* Begin PBXNativeTarget section */
		F2B2DB7E28AF048D00AA633B /* GoodOnes */ = {
			isa = PBXNativeTarget;
			buildConfigurationList = F2B2DBA328AF049700AA633B /* Build configuration list for PBXNativeTarget "GoodOnes" */;
			buildPhases = (
				F2B2DB7B28AF048D00AA633B /* Sources */,
				F2B2DB7C28AF048D00AA633B /* Frameworks */,
				F2B2DB7D28AF048D00AA633B /* Resources */,
			);
			buildRules = (
			);
			dependencies = (
			);
			name = GoodOnes;
			packageProductDependencies = (
				F2B2DBB428AF383000AA633B /* Popovers */,
			);
			productName = GoodOnes;
			productReference = F2B2DB7F28AF048D00AA633B /* GoodOnes.app */;
			productType = "com.apple.product-type.application";
		};
		F2B2DB8E28AF049700AA633B /* GoodOnesTests */ = {
			isa = PBXNativeTarget;
			buildConfigurationList = F2B2DBA628AF049700AA633B /* Build configuration list for PBXNativeTarget "GoodOnesTests" */;
			buildPhases = (
				F2B2DB8B28AF049700AA633B /* Sources */,
				F2B2DB8C28AF049700AA633B /* Frameworks */,
				F2B2DB8D28AF049700AA633B /* Resources */,
			);
			buildRules = (
			);
			dependencies = (
				F2B2DB9128AF049700AA633B /* PBXTargetDependency */,
			);
			name = GoodOnesTests;
			productName = GoodOnesTests;
			productReference = F2B2DB8F28AF049700AA633B /* GoodOnesTests.xctest */;
			productType = "com.apple.product-type.bundle.unit-test";
		};
		F2B2DB9828AF049700AA633B /* GoodOnesUITests */ = {
			isa = PBXNativeTarget;
			buildConfigurationList = F2B2DBA928AF049700AA633B /* Build configuration list for PBXNativeTarget "GoodOnesUITests" */;
			buildPhases = (
				F2B2DB9528AF049700AA633B /* Sources */,
				F2B2DB9628AF049700AA633B /* Frameworks */,
				F2B2DB9728AF049700AA633B /* Resources */,
			);
			buildRules = (
			);
			dependencies = (
				F2B2DB9B28AF049700AA633B /* PBXTargetDependency */,
			);
			name = GoodOnesUITests;
			productName = GoodOnesUITests;
			productReference = F2B2DB9928AF049700AA633B /* GoodOnesUITests.xctest */;
			productType = "com.apple.product-type.bundle.ui-testing";
		};
/* End PBXNativeTarget section */

/* Begin PBXProject section */
		F2B2DB7728AF048D00AA633B /* Project object */ = {
			isa = PBXProject;
			attributes = {
				BuildIndependentTargetsInParallel = 1;
				LastSwiftUpdateCheck = 1340;
				LastUpgradeCheck = 1340;
				TargetAttributes = {
					F2B2DB7E28AF048D00AA633B = {
						CreatedOnToolsVersion = 13.4.1;
					};
					F2B2DB8E28AF049700AA633B = {
						CreatedOnToolsVersion = 13.4.1;
						TestTargetID = F2B2DB7E28AF048D00AA633B;
					};
					F2B2DB9828AF049700AA633B = {
						CreatedOnToolsVersion = 13.4.1;
						TestTargetID = F2B2DB7E28AF048D00AA633B;
					};
				};
			};
			buildConfigurationList = F2B2DB7A28AF048D00AA633B /* Build configuration list for PBXProject "GoodOnes" */;
			compatibilityVersion = "Xcode 13.0";
			developmentRegion = en;
			hasScannedForEncodings = 0;
			knownRegions = (
				en,
				Base,
			);
			mainGroup = F2B2DB7628AF048D00AA633B;
			packageReferences = (
				F2B2DBB328AF383000AA633B /* XCRemoteSwiftPackageReference "Popovers" */,
			);
			productRefGroup = F2B2DB8028AF048D00AA633B /* Products */;
			projectDirPath = "";
			projectRoot = "";
			targets = (
				F2B2DB7E28AF048D00AA633B /* GoodOnes */,
				F2B2DB8E28AF049700AA633B /* GoodOnesTests */,
				F2B2DB9828AF049700AA633B /* GoodOnesUITests */,
			);
		};
/* End PBXProject section */

/* Begin PBXResourcesBuildPhase section */
		F2B2DB7D28AF048D00AA633B /* Resources */ = {
			isa = PBXResourcesBuildPhase;
			buildActionMask = 2147483647;
			files = (
				F2B2DB8A28AF049700AA633B /* Preview Assets.xcassets in Resources */,
				F2B2DB8728AF049700AA633B /* Assets.xcassets in Resources */,
			);
			runOnlyForDeploymentPostprocessing = 0;
		};
		F2B2DB8D28AF049700AA633B /* Resources */ = {
			isa = PBXResourcesBuildPhase;
			buildActionMask = 2147483647;
			files = (
			);
			runOnlyForDeploymentPostprocessing = 0;
		};
		F2B2DB9728AF049700AA633B /* Resources */ = {
			isa = PBXResourcesBuildPhase;
			buildActionMask = 2147483647;
			files = (
			);
			runOnlyForDeploymentPostprocessing = 0;
		};
/* End PBXResourcesBuildPhase section */

/* Begin PBXSourcesBuildPhase section */
		F2B2DB7B28AF048D00AA633B /* Sources */ = {
			isa = PBXSourcesBuildPhase;
			buildActionMask = 2147483647;
			files = (
				F2B2DB8528AF048D00AA633B /* ContentView.swift in Sources */,
				F2B2DBB028AF1A4400AA633B /* PhotoCell.swift in Sources */,
				F2B2DBB228AF294B00AA633B /* GridView.swift in Sources */,
				F2B2DB8328AF048D00AA633B /* GoodOnesApp.swift in Sources */,
			);
			runOnlyForDeploymentPostprocessing = 0;
		};
		F2B2DB8B28AF049700AA633B /* Sources */ = {
			isa = PBXSourcesBuildPhase;
			buildActionMask = 2147483647;
			files = (
				F2B2DB9428AF049700AA633B /* GoodOnesTests.swift in Sources */,
			);
			runOnlyForDeploymentPostprocessing = 0;
		};
		F2B2DB9528AF049700AA633B /* Sources */ = {
			isa = PBXSourcesBuildPhase;
			buildActionMask = 2147483647;
			files = (
				F2B2DBA028AF049700AA633B /* GoodOnesUITestsLaunchTests.swift in Sources */,
				F2B2DB9E28AF049700AA633B /* GoodOnesUITests.swift in Sources */,
			);
			runOnlyForDeploymentPostprocessing = 0;
		};
/* End PBXSourcesBuildPhase section */

/* Begin PBXTargetDependency section */
		F2B2DB9128AF049700AA633B /* PBXTargetDependency */ = {
			isa = PBXTargetDependency;
			target = F2B2DB7E28AF048D00AA633B /* GoodOnes */;
			targetProxy = F2B2DB9028AF049700AA633B /* PBXContainerItemProxy */;
		};
		F2B2DB9B28AF049700AA633B /* PBXTargetDependency */ = {
			isa = PBXTargetDependency;
			target = F2B2DB7E28AF048D00AA633B /* GoodOnes */;
			targetProxy = F2B2DB9A28AF049700AA633B /* PBXContainerItemProxy */;
		};
/* End PBXTargetDependency section */

/* Begin XCBuildConfiguration section */
		F2B2DBA128AF049700AA633B /* Debug */ = {
			isa = XCBuildConfiguration;
			buildSettings = {
				ALWAYS_SEARCH_USER_PATHS = NO;
				CLANG_ANALYZER_NONNULL = YES;
				CLANG_ANALYZER_NUMBER_OBJECT_CONVERSION = YES_AGGRESSIVE;
				CLANG_CXX_LANGUAGE_STANDARD = "gnu++17";
				CLANG_ENABLE_MODULES = YES;
				CLANG_ENABLE_OBJC_ARC = YES;
				CLANG_ENABLE_OBJC_WEAK = YES;
				CLANG_WARN_BLOCK_CAPTURE_AUTORELEASING = YES;
				CLANG_WARN_BOOL_CONVERSION = YES;
				CLANG_WARN_COMMA = YES;
				CLANG_WARN_CONSTANT_CONVERSION = YES;
				CLANG_WARN_DEPRECATED_OBJC_IMPLEMENTATIONS = YES;
				CLANG_WARN_DIRECT_OBJC_ISA_USAGE = YES_ERROR;
				CLANG_WARN_DOCUMENTATION_COMMENTS = YES;
				CLANG_WARN_EMPTY_BODY = YES;
				CLANG_WARN_ENUM_CONVERSION = YES;
				CLANG_WARN_INFINITE_RECURSION = YES;
				CLANG_WARN_INT_CONVERSION = YES;
				CLANG_WARN_NON_LITERAL_NULL_CONVERSION = YES;
				CLANG_WARN_OBJC_IMPLICIT_RETAIN_SELF = YES;
				CLANG_WARN_OBJC_LITERAL_CONVERSION = YES;
				CLANG_WARN_OBJC_ROOT_CLASS = YES_ERROR;
				CLANG_WARN_QUOTED_INCLUDE_IN_FRAMEWORK_HEADER = YES;
				CLANG_WARN_RANGE_LOOP_ANALYSIS = YES;
				CLANG_WARN_STRICT_PROTOTYPES = YES;
				CLANG_WARN_SUSPICIOUS_MOVE = YES;
				CLANG_WARN_UNGUARDED_AVAILABILITY = YES_AGGRESSIVE;
				CLANG_WARN_UNREACHABLE_CODE = YES;
				CLANG_WARN__DUPLICATE_METHOD_MATCH = YES;
				COPY_PHASE_STRIP = NO;
				DEBUG_INFORMATION_FORMAT = dwarf;
				ENABLE_STRICT_OBJC_MSGSEND = YES;
				ENABLE_TESTABILITY = YES;
				GCC_C_LANGUAGE_STANDARD = gnu11;
				GCC_DYNAMIC_NO_PIC = NO;
				GCC_NO_COMMON_BLOCKS = YES;
				GCC_OPTIMIZATION_LEVEL = 0;
				GCC_PREPROCESSOR_DEFINITIONS = (
					"DEBUG=1",
					"$(inherited)",
				);
				GCC_WARN_64_TO_32_BIT_CONVERSION = YES;
				GCC_WARN_ABOUT_RETURN_TYPE = YES_ERROR;
				GCC_WARN_UNDECLARED_SELECTOR = YES;
				GCC_WARN_UNINITIALIZED_AUTOS = YES_AGGRESSIVE;
				GCC_WARN_UNUSED_FUNCTION = YES;
				GCC_WARN_UNUSED_VARIABLE = YES;
				IPHONEOS_DEPLOYMENT_TARGET = 15.5;
				MTL_ENABLE_DEBUG_INFO = INCLUDE_SOURCE;
				MTL_FAST_MATH = YES;
				ONLY_ACTIVE_ARCH = YES;
				SDKROOT = iphoneos;
				SWIFT_ACTIVE_COMPILATION_CONDITIONS = DEBUG;
				SWIFT_OPTIMIZATION_LEVEL = "-Onone";
			};
			name = Debug;
		};
		F2B2DBA228AF049700AA633B /* Release */ = {
			isa = XCBuildConfiguration;
			buildSettings = {
				ALWAYS_SEARCH_USER_PATHS = NO;
				CLANG_ANALYZER_NONNULL = YES;
				CLANG_ANALYZER_NUMBER_OBJECT_CONVERSION = YES_AGGRESSIVE;
				CLANG_CXX_LANGUAGE_STANDARD = "gnu++17";
				CLANG_ENABLE_MODULES = YES;
				CLANG_ENABLE_OBJC_ARC = YES;
				CLANG_ENABLE_OBJC_WEAK = YES;
				CLANG_WARN_BLOCK_CAPTURE_AUTORELEASING = YES;
				CLANG_WARN_BOOL_CONVERSION = YES;
				CLANG_WARN_COMMA = YES;
				CLANG_WARN_CONSTANT_CONVERSION = YES;
				CLANG_WARN_DEPRECATED_OBJC_IMPLEMENTATIONS = YES;
				CLANG_WARN_DIRECT_OBJC_ISA_USAGE = YES_ERROR;
				CLANG_WARN_DOCUMENTATION_COMMENTS = YES;
				CLANG_WARN_EMPTY_BODY = YES;
				CLANG_WARN_ENUM_CONVERSION = YES;
				CLANG_WARN_INFINITE_RECURSION = YES;
				CLANG_WARN_INT_CONVERSION = YES;
				CLANG_WARN_NON_LITERAL_NULL_CONVERSION = YES;
				CLANG_WARN_OBJC_IMPLICIT_RETAIN_SELF = YES;
				CLANG_WARN_OBJC_LITERAL_CONVERSION = YES;
				CLANG_WARN_OBJC_ROOT_CLASS = YES_ERROR;
				CLANG_WARN_QUOTED_INCLUDE_IN_FRAMEWORK_HEADER = YES;
				CLANG_WARN_RANGE_LOOP_ANALYSIS = YES;
				CLANG_WARN_STRICT_PROTOTYPES = YES;
				CLANG_WARN_SUSPICIOUS_MOVE = YES;
				CLANG_WARN_UNGUARDED_AVAILABILITY = YES_AGGRESSIVE;
				CLANG_WARN_UNREACHABLE_CODE = YES;
				CLANG_WARN__DUPLICATE_METHOD_MATCH = YES;
				COPY_PHASE_STRIP = NO;
				DEBUG_INFORMATION_FORMAT = "dwarf-with-dsym";
				ENABLE_NS_ASSERTIONS = NO;
				ENABLE_STRICT_OBJC_MSGSEND = YES;
				GCC_C_LANGUAGE_STANDARD = gnu11;
				GCC_NO_COMMON_BLOCKS = YES;
				GCC_WARN_64_TO_32_BIT_CONVERSION = YES;
				GCC_WARN_ABOUT_RETURN_TYPE = YES_ERROR;
				GCC_WARN_UNDECLARED_SELECTOR = YES;
				GCC_WARN_UNINITIALIZED_AUTOS = YES_AGGRESSIVE;
				GCC_WARN_UNUSED_FUNCTION = YES;
				GCC_WARN_UNUSED_VARIABLE = YES;
				IPHONEOS_DEPLOYMENT_TARGET = 15.5;
				MTL_ENABLE_DEBUG_INFO = NO;
				MTL_FAST_MATH = YES;
				SDKROOT = iphoneos;
				SWIFT_COMPILATION_MODE = wholemodule;
				SWIFT_OPTIMIZATION_LEVEL = "-O";
				VALIDATE_PRODUCT = YES;
			};
			name = Release;
		};
		F2B2DBA428AF049700AA633B /* Debug */ = {
			isa = XCBuildConfiguration;
			buildSettings = {
				ASSETCATALOG_COMPILER_APPICON_NAME = AppIcon;
				ASSETCATALOG_COMPILER_GLOBAL_ACCENT_COLOR_NAME = AccentColor;
				CODE_SIGN_STYLE = Automatic;
				CURRENT_PROJECT_VERSION = 1;
				DEVELOPMENT_ASSET_PATHS = "\"GoodOnes/Preview Content\"";
				DEVELOPMENT_TEAM = 4588TAK2RM;
				ENABLE_PREVIEWS = YES;
				GENERATE_INFOPLIST_FILE = YES;
				INFOPLIST_KEY_UIApplicationSceneManifest_Generation = YES;
				INFOPLIST_KEY_UIApplicationSupportsIndirectInputEvents = YES;
				INFOPLIST_KEY_UILaunchScreen_Generation = YES;
				INFOPLIST_KEY_UISupportedInterfaceOrientations_iPad = "UIInterfaceOrientationPortrait UIInterfaceOrientationPortraitUpsideDown UIInterfaceOrientationLandscapeLeft UIInterfaceOrientationLandscapeRight";
				INFOPLIST_KEY_UISupportedInterfaceOrientations_iPhone = "UIInterfaceOrientationPortrait UIInterfaceOrientationLandscapeLeft UIInterfaceOrientationLandscapeRight";
				LD_RUNPATH_SEARCH_PATHS = (
					"$(inherited)",
					"@executable_path/Frameworks",
				);
				MARKETING_VERSION = 1.0;
				PRODUCT_BUNDLE_IDENTIFIER = com.lpaim.GoodOnes;
				PRODUCT_NAME = "$(TARGET_NAME)";
				SWIFT_EMIT_LOC_STRINGS = YES;
				SWIFT_VERSION = 5.0;
				TARGETED_DEVICE_FAMILY = "1,2";
			};
			name = Debug;
		};
		F2B2DBA528AF049700AA633B /* Release */ = {
			isa = XCBuildConfiguration;
			buildSettings = {
				ASSETCATALOG_COMPILER_APPICON_NAME = AppIcon;
				ASSETCATALOG_COMPILER_GLOBAL_ACCENT_COLOR_NAME = AccentColor;
				CODE_SIGN_STYLE = Automatic;
				CURRENT_PROJECT_VERSION = 1;
				DEVELOPMENT_ASSET_PATHS = "\"GoodOnes/Preview Content\"";
				DEVELOPMENT_TEAM = 4588TAK2RM;
				ENABLE_PREVIEWS = YES;
				GENERATE_INFOPLIST_FILE = YES;
				INFOPLIST_KEY_UIApplicationSceneManifest_Generation = YES;
				INFOPLIST_KEY_UIApplicationSupportsIndirectInputEvents = YES;
				INFOPLIST_KEY_UILaunchScreen_Generation = YES;
				INFOPLIST_KEY_UISupportedInterfaceOrientations_iPad = "UIInterfaceOrientationPortrait UIInterfaceOrientationPortraitUpsideDown UIInterfaceOrientationLandscapeLeft UIInterfaceOrientationLandscapeRight";
				INFOPLIST_KEY_UISupportedInterfaceOrientations_iPhone = "UIInterfaceOrientationPortrait UIInterfaceOrientationLandscapeLeft UIInterfaceOrientationLandscapeRight";
				LD_RUNPATH_SEARCH_PATHS = (
					"$(inherited)",
					"@executable_path/Frameworks",
				);
				MARKETING_VERSION = 1.0;
				PRODUCT_BUNDLE_IDENTIFIER = com.lpaim.GoodOnes;
				PRODUCT_NAME = "$(TARGET_NAME)";
				SWIFT_EMIT_LOC_STRINGS = YES;
				SWIFT_VERSION = 5.0;
				TARGETED_DEVICE_FAMILY = "1,2";
			};
			name = Release;
		};
		F2B2DBA728AF049700AA633B /* Debug */ = {
			isa = XCBuildConfiguration;
			buildSettings = {
				ALWAYS_EMBED_SWIFT_STANDARD_LIBRARIES = YES;
				BUNDLE_LOADER = "$(TEST_HOST)";
				CODE_SIGN_STYLE = Automatic;
				CURRENT_PROJECT_VERSION = 1;
				DEVELOPMENT_TEAM = 4588TAK2RM;
				GENERATE_INFOPLIST_FILE = YES;
				IPHONEOS_DEPLOYMENT_TARGET = 15.5;
				MARKETING_VERSION = 1.0;
				PRODUCT_BUNDLE_IDENTIFIER = com.lpaim.GoodOnesTests;
				PRODUCT_NAME = "$(TARGET_NAME)";
				SWIFT_EMIT_LOC_STRINGS = NO;
				SWIFT_VERSION = 5.0;
				TARGETED_DEVICE_FAMILY = "1,2";
				TEST_HOST = "$(BUILT_PRODUCTS_DIR)/GoodOnes.app/GoodOnes";
			};
			name = Debug;
		};
		F2B2DBA828AF049700AA633B /* Release */ = {
			isa = XCBuildConfiguration;
			buildSettings = {
				ALWAYS_EMBED_SWIFT_STANDARD_LIBRARIES = YES;
				BUNDLE_LOADER = "$(TEST_HOST)";
				CODE_SIGN_STYLE = Automatic;
				CURRENT_PROJECT_VERSION = 1;
				DEVELOPMENT_TEAM = 4588TAK2RM;
				GENERATE_INFOPLIST_FILE = YES;
				IPHONEOS_DEPLOYMENT_TARGET = 15.5;
				MARKETING_VERSION = 1.0;
				PRODUCT_BUNDLE_IDENTIFIER = com.lpaim.GoodOnesTests;
				PRODUCT_NAME = "$(TARGET_NAME)";
				SWIFT_EMIT_LOC_STRINGS = NO;
				SWIFT_VERSION = 5.0;
				TARGETED_DEVICE_FAMILY = "1,2";
				TEST_HOST = "$(BUILT_PRODUCTS_DIR)/GoodOnes.app/GoodOnes";
			};
			name = Release;
		};
		F2B2DBAA28AF049700AA633B /* Debug */ = {
			isa = XCBuildConfiguration;
			buildSettings = {
				ALWAYS_EMBED_SWIFT_STANDARD_LIBRARIES = YES;
				CODE_SIGN_STYLE = Automatic;
				CURRENT_PROJECT_VERSION = 1;
				DEVELOPMENT_TEAM = 4588TAK2RM;
				GENERATE_INFOPLIST_FILE = YES;
				MARKETING_VERSION = 1.0;
				PRODUCT_BUNDLE_IDENTIFIER = com.lpaim.GoodOnesUITests;
				PRODUCT_NAME = "$(TARGET_NAME)";
				SWIFT_EMIT_LOC_STRINGS = NO;
				SWIFT_VERSION = 5.0;
				TARGETED_DEVICE_FAMILY = "1,2";
				TEST_TARGET_NAME = GoodOnes;
			};
			name = Debug;
		};
		F2B2DBAB28AF049700AA633B /* Release */ = {
			isa = XCBuildConfiguration;
			buildSettings = {
				ALWAYS_EMBED_SWIFT_STANDARD_LIBRARIES = YES;
				CODE_SIGN_STYLE = Automatic;
				CURRENT_PROJECT_VERSION = 1;
				DEVELOPMENT_TEAM = 4588TAK2RM;
				GENERATE_INFOPLIST_FILE = YES;
				MARKETING_VERSION = 1.0;
				PRODUCT_BUNDLE_IDENTIFIER = com.lpaim.GoodOnesUITests;
				PRODUCT_NAME = "$(TARGET_NAME)";
				SWIFT_EMIT_LOC_STRINGS = NO;
				SWIFT_VERSION = 5.0;
				TARGETED_DEVICE_FAMILY = "1,2";
				TEST_TARGET_NAME = GoodOnes;
			};
			name = Release;
		};
/* End XCBuildConfiguration section */

/* Begin XCConfigurationList section */
		F2B2DB7A28AF048D00AA633B /* Build configuration list for PBXProject "GoodOnes" */ = {
			isa = XCConfigurationList;
			buildConfigurations = (
				F2B2DBA128AF049700AA633B /* Debug */,
				F2B2DBA228AF049700AA633B /* Release */,
			);
			defaultConfigurationIsVisible = 0;
			defaultConfigurationName = Release;
		};
		F2B2DBA328AF049700AA633B /* Build configuration list for PBXNativeTarget "GoodOnes" */ = {
			isa = XCConfigurationList;
			buildConfigurations = (
				F2B2DBA428AF049700AA633B /* Debug */,
				F2B2DBA528AF049700AA633B /* Release */,
			);
			defaultConfigurationIsVisible = 0;
			defaultConfigurationName = Release;
		};
		F2B2DBA628AF049700AA633B /* Build configuration list for PBXNativeTarget "GoodOnesTests" */ = {
			isa = XCConfigurationList;
			buildConfigurations = (
				F2B2DBA728AF049700AA633B /* Debug */,
				F2B2DBA828AF049700AA633B /* Release */,
			);
			defaultConfigurationIsVisible = 0;
			defaultConfigurationName = Release;
		};
		F2B2DBA928AF049700AA633B /* Build configuration list for PBXNativeTarget "GoodOnesUITests" */ = {
			isa = XCConfigurationList;
			buildConfigurations = (
				F2B2DBAA28AF049700AA633B /* Debug */,
				F2B2DBAB28AF049700AA633B /* Release */,
			);
			defaultConfigurationIsVisible = 0;
			defaultConfigurationName = Release;
		};
/* End XCConfigurationList section */

/* Begin XCRemoteSwiftPackageReference section */
		F2B2DBB328AF383000AA633B /* XCRemoteSwiftPackageReference "Popovers" */ = {
			isa = XCRemoteSwiftPackageReference;
			repositoryURL = "https://github.com/aheze/Popovers";
			requirement = {
				kind = upToNextMajorVersion;
				minimumVersion = 1.0.0;
			};
		};
/* End XCRemoteSwiftPackageReference section */

/* Begin XCSwiftPackageProductDependency section */
		F2B2DBB428AF383000AA633B /* Popovers */ = {
			isa = XCSwiftPackageProductDependency;
			package = F2B2DBB328AF383000AA633B /* XCRemoteSwiftPackageReference "Popovers" */;
			productName = Popovers;
		};
/* End XCSwiftPackageProductDependency section */
	};
	rootObject = F2B2DB7728AF048D00AA633B /* Project object */;
}
