// !$*UTF8*$!
{
	archiveVersion = 1;
	classes = {
	};
	objectVersion = 55;
	objects = {

/* Begin PBXBuildFile section */
		F2B2DB8328AF048D00AA633B /* GoodOnesApp.swift in Sources */ = {isa = PBXBuildFile; fileRef = F2B2DB8228AF048D00AA633B /* GoodOnesApp.swift */; };
		F2B2DB8528AF048D00AA633B /* ContentView.swift in Sources */ = {isa = PBXBuildFile; fileRef = F2B2DB8428AF048D00AA633B /* ContentView.swift */; };
		F2B2DB8728AF049700AA633B /* Assets.xcassets in Resources */ = {isa = PBXBuildFile; fileRef = F2B2DB8628AF049700AA633B /* Assets.xcassets */; };
		F2B2DB8A28AF049700AA633B /* Preview Assets.xcassets in Resources */ = {isa = PBXBuildFile; fileRef = F2B2DB8928AF049700AA633B /* Preview Assets.xcassets */; };
		F2B2DB9428AF049700AA633B /* GoodOnesTests.swift in Sources */ = {isa = PBXBuildFile; fileRef = F2B2DB9328AF049700AA633B /* GoodOnesTests.swift */; };
		F2B2DBB028AF1A4400AA633B /* PhotoCell.swift in Sources */ = {isa = PBXBuildFile; fileRef = F2B2DBAF28AF1A4400AA633B /* PhotoCell.swift */; };
		F2B2DBB228AF294B00AA633B /* GridView.swift in Sources */ = {isa = PBXBuildFile; fileRef = F2B2DBB128AF294B00AA633B /* GridView.swift */; };
		F2B2DBB528AF383000AA633B /* Popovers in Frameworks */ = {isa = PBXBuildFile; productRef = F2B2DBB428AF383000AA633B /* Popovers */; };
		F2C6256828B16BF7004F8FC8 /* Loading.swift in Sources */ = {isa = PBXBuildFile; fileRef = F2C6256728B16BF7004F8FC8 /* Loading.swift */; };
		F2C6256F28B16D7F004F8FC8 /* bird-waiting.json in Resources */ = {isa = PBXBuildFile; fileRef = F2C6256E28B16D7F004F8FC8 /* bird-waiting.json */; };
		F2C6257228B16DD3004F8FC8 /* Lottie in Frameworks */ = {isa = PBXBuildFile; productRef = F2C6257128B16DD3004F8FC8 /* Lottie */; };
		F2C6257428B17365004F8FC8 /* Lottie.swift in Sources */ = {isa = PBXBuildFile; fileRef = F2C6257328B17365004F8FC8 /* Lottie.swift */; };
		F2C6257728B17684004F8FC8 /* Also.swift in Sources */ = {isa = PBXBuildFile; fileRef = F2C6257628B17684004F8FC8 /* Also.swift */; };
		F2C6257928B17EB3004F8FC8 /* ErrorScreen.swift in Sources */ = {isa = PBXBuildFile; fileRef = F2C6257828B17EB3004F8FC8 /* ErrorScreen.swift */; };
		F2C6257B28B17F50004F8FC8 /* alien-hypnotize.json in Resources */ = {isa = PBXBuildFile; fileRef = F2C6257A28B17F50004F8FC8 /* alien-hypnotize.json */; };
		F2C6257D28B1872D004F8FC8 /* WelcomeScreen.swift in Sources */ = {isa = PBXBuildFile; fileRef = F2C6257C28B1872D004F8FC8 /* WelcomeScreen.swift */; };
		F2C6258028B18ADA004F8FC8 /* DefaultButtonStyle.swift in Sources */ = {isa = PBXBuildFile; fileRef = F2C6257F28B18ADA004F8FC8 /* DefaultButtonStyle.swift */; };
		F2C6258328B192A1004F8FC8 /* CornerRadius+SpecificCorners.swift in Sources */ = {isa = PBXBuildFile; fileRef = F2C6258228B192A1004F8FC8 /* CornerRadius+SpecificCorners.swift */; };
		F2C6258728B19B7C004F8FC8 /* MainCoordinator.swift in Sources */ = {isa = PBXBuildFile; fileRef = F2C6258628B19B7C004F8FC8 /* MainCoordinator.swift */; };
		F2C6258928B19B98004F8FC8 /* Coordinator.swift in Sources */ = {isa = PBXBuildFile; fileRef = F2C6258828B19B98004F8FC8 /* Coordinator.swift */; };
		F2C6258C28B1A1E2004F8FC8 /* GeneralStateRepositoryTests.swift in Sources */ = {isa = PBXBuildFile; fileRef = F2C6258B28B1A1E2004F8FC8 /* GeneralStateRepositoryTests.swift */; };
		F2C6259028B1A769004F8FC8 /* GeneralStateStorage.swift in Sources */ = {isa = PBXBuildFile; fileRef = F2C6258F28B1A769004F8FC8 /* GeneralStateStorage.swift */; };
		F2C6259228B1A77F004F8FC8 /* GeneralStateRepository.swift in Sources */ = {isa = PBXBuildFile; fileRef = F2C6259128B1A77F004F8FC8 /* GeneralStateRepository.swift */; };
		F2C6259428B1A79F004F8FC8 /* GeneralState.swift in Sources */ = {isa = PBXBuildFile; fileRef = F2C6259328B1A79F004F8FC8 /* GeneralState.swift */; };
		F2C6259828B1ADEA004F8FC8 /* TutorialScreen.swift in Sources */ = {isa = PBXBuildFile; fileRef = F2C6259728B1ADEA004F8FC8 /* TutorialScreen.swift */; };
		F2C625A028B1B051004F8FC8 /* image-scanning.json in Resources */ = {isa = PBXBuildFile; fileRef = F2C6259D28B1B050004F8FC8 /* image-scanning.json */; };
		F2C625A128B1B051004F8FC8 /* shiba-relax.json in Resources */ = {isa = PBXBuildFile; fileRef = F2C6259E28B1B050004F8FC8 /* shiba-relax.json */; };
		F2C625A228B1B051004F8FC8 /* traveling-camera.json in Resources */ = {isa = PBXBuildFile; fileRef = F2C6259F28B1B051004F8FC8 /* traveling-camera.json */; };
		F2C625A628B1B08D004F8FC8 /* TutorialViewModel.swift in Sources */ = {isa = PBXBuildFile; fileRef = F2C625A528B1B08D004F8FC8 /* TutorialViewModel.swift */; };
		F2C625C328B1B0C2004F8FC8 /* TutorialModel.swift in Sources */ = {isa = PBXBuildFile; fileRef = F2C625C228B1B0C2004F8FC8 /* TutorialModel.swift */; };
		F2C625C528B1B0E2004F8FC8 /* TutorialAnimations.swift in Sources */ = {isa = PBXBuildFile; fileRef = F2C625C428B1B0E2004F8FC8 /* TutorialAnimations.swift */; };
		F2C625C828B1B1DF004F8FC8 /* TutorialContentProvider.swift in Sources */ = {isa = PBXBuildFile; fileRef = F2C625C728B1B1DF004F8FC8 /* TutorialContentProvider.swift */; };
		F2C625CA28B1B2AE004F8FC8 /* design-drawing.json in Resources */ = {isa = PBXBuildFile; fileRef = F2C625C928B1B2AE004F8FC8 /* design-drawing.json */; };
		F2C625CD28B1C701004F8FC8 /* WelcomeViewModel.swift in Sources */ = {isa = PBXBuildFile; fileRef = F2C625CC28B1C701004F8FC8 /* WelcomeViewModel.swift */; };
		F2C625CF28B1CB1F004F8FC8 /* GalleryPermissionUseCase.swift in Sources */ = {isa = PBXBuildFile; fileRef = F2C625CE28B1CB1F004F8FC8 /* GalleryPermissionUseCase.swift */; };
/* End PBXBuildFile section */

/* Begin PBXContainerItemProxy section */
		F2B2DB9028AF049700AA633B /* PBXContainerItemProxy */ = {
			isa = PBXContainerItemProxy;
			containerPortal = F2B2DB7728AF048D00AA633B /* Project object */;
			proxyType = 1;
			remoteGlobalIDString = F2B2DB7E28AF048D00AA633B;
			remoteInfo = GoodOnes;
		};
/* End PBXContainerItemProxy section */

/* Begin PBXFileReference section */
		F2B2DB7F28AF048D00AA633B /* GoodOnes.app */ = {isa = PBXFileReference; explicitFileType = wrapper.application; includeInIndex = 0; path = GoodOnes.app; sourceTree = BUILT_PRODUCTS_DIR; };
		F2B2DB8228AF048D00AA633B /* GoodOnesApp.swift */ = {isa = PBXFileReference; lastKnownFileType = sourcecode.swift; path = GoodOnesApp.swift; sourceTree = "<group>"; };
		F2B2DB8428AF048D00AA633B /* ContentView.swift */ = {isa = PBXFileReference; lastKnownFileType = sourcecode.swift; path = ContentView.swift; sourceTree = "<group>"; };
		F2B2DB8628AF049700AA633B /* Assets.xcassets */ = {isa = PBXFileReference; lastKnownFileType = folder.assetcatalog; path = Assets.xcassets; sourceTree = "<group>"; };
		F2B2DB8928AF049700AA633B /* Preview Assets.xcassets */ = {isa = PBXFileReference; lastKnownFileType = folder.assetcatalog; path = "Preview Assets.xcassets"; sourceTree = "<group>"; };
		F2B2DB8F28AF049700AA633B /* GoodOnesTests.xctest */ = {isa = PBXFileReference; explicitFileType = wrapper.cfbundle; includeInIndex = 0; path = GoodOnesTests.xctest; sourceTree = BUILT_PRODUCTS_DIR; };
		F2B2DB9328AF049700AA633B /* GoodOnesTests.swift */ = {isa = PBXFileReference; lastKnownFileType = sourcecode.swift; path = GoodOnesTests.swift; sourceTree = "<group>"; };
		F2B2DBAF28AF1A4400AA633B /* PhotoCell.swift */ = {isa = PBXFileReference; lastKnownFileType = sourcecode.swift; path = PhotoCell.swift; sourceTree = "<group>"; };
		F2B2DBB128AF294B00AA633B /* GridView.swift */ = {isa = PBXFileReference; lastKnownFileType = sourcecode.swift; path = GridView.swift; sourceTree = "<group>"; };
		F2C6256728B16BF7004F8FC8 /* Loading.swift */ = {isa = PBXFileReference; lastKnownFileType = sourcecode.swift; path = Loading.swift; sourceTree = "<group>"; };
		F2C6256E28B16D7F004F8FC8 /* bird-waiting.json */ = {isa = PBXFileReference; fileEncoding = 4; lastKnownFileType = text.json; path = "bird-waiting.json"; sourceTree = "<group>"; };
		F2C6257328B17365004F8FC8 /* Lottie.swift */ = {isa = PBXFileReference; lastKnownFileType = sourcecode.swift; path = Lottie.swift; sourceTree = "<group>"; };
		F2C6257628B17684004F8FC8 /* Also.swift */ = {isa = PBXFileReference; lastKnownFileType = sourcecode.swift; path = Also.swift; sourceTree = "<group>"; };
		F2C6257828B17EB3004F8FC8 /* ErrorScreen.swift */ = {isa = PBXFileReference; lastKnownFileType = sourcecode.swift; path = ErrorScreen.swift; sourceTree = "<group>"; };
		F2C6257A28B17F50004F8FC8 /* alien-hypnotize.json */ = {isa = PBXFileReference; fileEncoding = 4; lastKnownFileType = text.json; path = "alien-hypnotize.json"; sourceTree = "<group>"; };
		F2C6257C28B1872D004F8FC8 /* WelcomeScreen.swift */ = {isa = PBXFileReference; lastKnownFileType = sourcecode.swift; path = WelcomeScreen.swift; sourceTree = "<group>"; };
		F2C6257F28B18ADA004F8FC8 /* DefaultButtonStyle.swift */ = {isa = PBXFileReference; lastKnownFileType = sourcecode.swift; path = DefaultButtonStyle.swift; sourceTree = "<group>"; };
		F2C6258228B192A1004F8FC8 /* CornerRadius+SpecificCorners.swift */ = {isa = PBXFileReference; lastKnownFileType = sourcecode.swift; path = "CornerRadius+SpecificCorners.swift"; sourceTree = "<group>"; };
		F2C6258628B19B7C004F8FC8 /* MainCoordinator.swift */ = {isa = PBXFileReference; lastKnownFileType = sourcecode.swift; path = MainCoordinator.swift; sourceTree = "<group>"; };
		F2C6258828B19B98004F8FC8 /* Coordinator.swift */ = {isa = PBXFileReference; lastKnownFileType = sourcecode.swift; path = Coordinator.swift; sourceTree = "<group>"; };
		F2C6258B28B1A1E2004F8FC8 /* GeneralStateRepositoryTests.swift */ = {isa = PBXFileReference; lastKnownFileType = sourcecode.swift; path = GeneralStateRepositoryTests.swift; sourceTree = "<group>"; };
		F2C6258F28B1A769004F8FC8 /* GeneralStateStorage.swift */ = {isa = PBXFileReference; lastKnownFileType = sourcecode.swift; path = GeneralStateStorage.swift; sourceTree = "<group>"; };
		F2C6259128B1A77F004F8FC8 /* GeneralStateRepository.swift */ = {isa = PBXFileReference; lastKnownFileType = sourcecode.swift; path = GeneralStateRepository.swift; sourceTree = "<group>"; };
		F2C6259328B1A79F004F8FC8 /* GeneralState.swift */ = {isa = PBXFileReference; lastKnownFileType = sourcecode.swift; path = GeneralState.swift; sourceTree = "<group>"; };
		F2C6259728B1ADEA004F8FC8 /* TutorialScreen.swift */ = {isa = PBXFileReference; lastKnownFileType = sourcecode.swift; path = TutorialScreen.swift; sourceTree = "<group>"; };
		F2C6259D28B1B050004F8FC8 /* image-scanning.json */ = {isa = PBXFileReference; fileEncoding = 4; lastKnownFileType = text.json; path = "image-scanning.json"; sourceTree = "<group>"; };
		F2C6259E28B1B050004F8FC8 /* shiba-relax.json */ = {isa = PBXFileReference; fileEncoding = 4; lastKnownFileType = text.json; path = "shiba-relax.json"; sourceTree = "<group>"; };
		F2C6259F28B1B051004F8FC8 /* traveling-camera.json */ = {isa = PBXFileReference; fileEncoding = 4; lastKnownFileType = text.json; path = "traveling-camera.json"; sourceTree = "<group>"; };
		F2C625A528B1B08D004F8FC8 /* TutorialViewModel.swift */ = {isa = PBXFileReference; lastKnownFileType = sourcecode.swift; path = TutorialViewModel.swift; sourceTree = "<group>"; };
		F2C625C228B1B0C2004F8FC8 /* TutorialModel.swift */ = {isa = PBXFileReference; lastKnownFileType = sourcecode.swift; path = TutorialModel.swift; sourceTree = "<group>"; };
		F2C625C428B1B0E2004F8FC8 /* TutorialAnimations.swift */ = {isa = PBXFileReference; lastKnownFileType = sourcecode.swift; path = TutorialAnimations.swift; sourceTree = "<group>"; };
		F2C625C728B1B1DF004F8FC8 /* TutorialContentProvider.swift */ = {isa = PBXFileReference; lastKnownFileType = sourcecode.swift; path = TutorialContentProvider.swift; sourceTree = "<group>"; };
		F2C625C928B1B2AE004F8FC8 /* design-drawing.json */ = {isa = PBXFileReference; fileEncoding = 4; lastKnownFileType = text.json; path = "design-drawing.json"; sourceTree = "<group>"; };
		F2C625CC28B1C701004F8FC8 /* WelcomeViewModel.swift */ = {isa = PBXFileReference; lastKnownFileType = sourcecode.swift; path = WelcomeViewModel.swift; sourceTree = "<group>"; };
		F2C625CE28B1CB1F004F8FC8 /* GalleryPermissionUseCase.swift */ = {isa = PBXFileReference; lastKnownFileType = sourcecode.swift; path = GalleryPermissionUseCase.swift; sourceTree = "<group>"; };
/* End PBXFileReference section */

/* Begin PBXFrameworksBuildPhase section */
		F2B2DB7C28AF048D00AA633B /* Frameworks */ = {
			isa = PBXFrameworksBuildPhase;
			buildActionMask = 2147483647;
			files = (
				F2B2DBB528AF383000AA633B /* Popovers in Frameworks */,
				F2C6257228B16DD3004F8FC8 /* Lottie in Frameworks */,
			);
			runOnlyForDeploymentPostprocessing = 0;
		};
		F2B2DB8C28AF049700AA633B /* Frameworks */ = {
			isa = PBXFrameworksBuildPhase;
			buildActionMask = 2147483647;
			files = (
			);
			runOnlyForDeploymentPostprocessing = 0;
		};
/* End PBXFrameworksBuildPhase section */

/* Begin PBXGroup section */
		F2B2DB7628AF048D00AA633B = {
			isa = PBXGroup;
			children = (
				F2B2DB8128AF048D00AA633B /* GoodOnes */,
				F2B2DB9228AF049700AA633B /* GoodOnesTests */,
				F2B2DB8028AF048D00AA633B /* Products */,
			);
			sourceTree = "<group>";
		};
		F2B2DB8028AF048D00AA633B /* Products */ = {
			isa = PBXGroup;
			children = (
				F2B2DB7F28AF048D00AA633B /* GoodOnes.app */,
				F2B2DB8F28AF049700AA633B /* GoodOnesTests.xctest */,
			);
			name = Products;
			sourceTree = "<group>";
		};
		F2B2DB8128AF048D00AA633B /* GoodOnes */ = {
			isa = PBXGroup;
			children = (
				F2C6258D28B1A736004F8FC8 /* CoreRepository */,
				F2C6258528B19B60004F8FC8 /* CoreCoordinator */,
				F2C6258428B1994F004F8FC8 /* Tutorial */,
				F2C6254728B16B6E004F8FC8 /* Welcome */,
				F2C6254428B1688F004F8FC8 /* UI */,
				F2B2DBAC28AF194C00AA633B /* GridFeature */,
				F2B2DB8228AF048D00AA633B /* GoodOnesApp.swift */,
				F2B2DB8428AF048D00AA633B /* ContentView.swift */,
				F2B2DB8628AF049700AA633B /* Assets.xcassets */,
				F2B2DB8828AF049700AA633B /* Preview Content */,
			);
			path = GoodOnes;
			sourceTree = "<group>";
		};
		F2B2DB8828AF049700AA633B /* Preview Content */ = {
			isa = PBXGroup;
			children = (
				F2B2DB8928AF049700AA633B /* Preview Assets.xcassets */,
			);
			path = "Preview Content";
			sourceTree = "<group>";
		};
		F2B2DB9228AF049700AA633B /* GoodOnesTests */ = {
			isa = PBXGroup;
			children = (
				F2C625CB28B1C5E3004F8FC8 /* Welcome */,
				F2C6258A28B1A1C7004F8FC8 /* RepositoryTests */,
				F2B2DB9328AF049700AA633B /* GoodOnesTests.swift */,
			);
			path = GoodOnesTests;
			sourceTree = "<group>";
		};
		F2B2DBAC28AF194C00AA633B /* GridFeature */ = {
			isa = PBXGroup;
			children = (
				F2B2DBAE28AF198100AA633B /* GridFeature */,
				F2B2DBAD28AF196900AA633B /* GridUI */,
			);
			path = GridFeature;
			sourceTree = "<group>";
		};
		F2B2DBAD28AF196900AA633B /* GridUI */ = {
			isa = PBXGroup;
			children = (
				F2B2DBAF28AF1A4400AA633B /* PhotoCell.swift */,
				F2B2DBB128AF294B00AA633B /* GridView.swift */,
			);
			path = GridUI;
			sourceTree = "<group>";
		};
		F2B2DBAE28AF198100AA633B /* GridFeature */ = {
			isa = PBXGroup;
			children = (
			);
			path = GridFeature;
			sourceTree = "<group>";
		};
		F2C6254428B1688F004F8FC8 /* UI */ = {
			isa = PBXGroup;
			children = (
				F2C6258128B19280004F8FC8 /* Modifiers */,
				F2C6257E28B18AB1004F8FC8 /* Styles */,
				F2C6257528B17670004F8FC8 /* Operator */,
				F2C6256A28B16D59004F8FC8 /* Resources */,
				F2C6256928B16D4F004F8FC8 /* Views */,
			);
			path = UI;
			sourceTree = "<group>";
		};
		F2C6254728B16B6E004F8FC8 /* Welcome */ = {
			isa = PBXGroup;
			children = (
				F2C6256428B16BB6004F8FC8 /* Scenes */,
				F2C6256228B16B93004F8FC8 /* Data */,
			);
			path = Welcome;
			sourceTree = "<group>";
		};
		F2C6256228B16B93004F8FC8 /* Data */ = {
			isa = PBXGroup;
			children = (
			);
			path = Data;
			sourceTree = "<group>";
		};
		F2C6256328B16B98004F8FC8 /* Domain */ = {
			isa = PBXGroup;
			children = (
				F2C6256528B16BC4004F8FC8 /* UseCases */,
				F2C625CC28B1C701004F8FC8 /* WelcomeViewModel.swift */,
			);
			path = Domain;
			sourceTree = "<group>";
		};
		F2C6256428B16BB6004F8FC8 /* Scenes */ = {
			isa = PBXGroup;
			children = (
				F2C6256628B16BD2004F8FC8 /* View */,
				F2C6256328B16B98004F8FC8 /* Domain */,
			);
			path = Scenes;
			sourceTree = "<group>";
		};
		F2C6256528B16BC4004F8FC8 /* UseCases */ = {
			isa = PBXGroup;
			children = (
				F2C625CE28B1CB1F004F8FC8 /* GalleryPermissionUseCase.swift */,
			);
			path = UseCases;
			sourceTree = "<group>";
		};
		F2C6256628B16BD2004F8FC8 /* View */ = {
			isa = PBXGroup;
			children = (
				F2C6257C28B1872D004F8FC8 /* WelcomeScreen.swift */,
			);
			path = View;
			sourceTree = "<group>";
		};
		F2C6256928B16D4F004F8FC8 /* Views */ = {
			isa = PBXGroup;
			children = (
				F2C6256728B16BF7004F8FC8 /* Loading.swift */,
				F2C6257328B17365004F8FC8 /* Lottie.swift */,
				F2C6257828B17EB3004F8FC8 /* ErrorScreen.swift */,
			);
			path = Views;
			sourceTree = "<group>";
		};
		F2C6256A28B16D59004F8FC8 /* Resources */ = {
			isa = PBXGroup;
			children = (
				F2C6256B28B16D5E004F8FC8 /* Animations */,
			);
			path = Resources;
			sourceTree = "<group>";
		};
		F2C6256B28B16D5E004F8FC8 /* Animations */ = {
			isa = PBXGroup;
			children = (
				F2C6257A28B17F50004F8FC8 /* alien-hypnotize.json */,
				F2C6256E28B16D7F004F8FC8 /* bird-waiting.json */,
			);
			name = Animations;
			sourceTree = "<group>";
		};
		F2C6257528B17670004F8FC8 /* Operator */ = {
			isa = PBXGroup;
			children = (
				F2C6257628B17684004F8FC8 /* Also.swift */,
			);
			path = Operator;
			sourceTree = "<group>";
		};
		F2C6257E28B18AB1004F8FC8 /* Styles */ = {
			isa = PBXGroup;
			children = (
				F2C6257F28B18ADA004F8FC8 /* DefaultButtonStyle.swift */,
			);
			path = Styles;
			sourceTree = "<group>";
		};
		F2C6258128B19280004F8FC8 /* Modifiers */ = {
			isa = PBXGroup;
			children = (
				F2C6258228B192A1004F8FC8 /* CornerRadius+SpecificCorners.swift */,
			);
			path = Modifiers;
			sourceTree = "<group>";
		};
		F2C6258428B1994F004F8FC8 /* Tutorial */ = {
			isa = PBXGroup;
			children = (
				F2C6259A28B1AF04004F8FC8 /* Sources */,
				F2C6259928B1AEFC004F8FC8 /* Resources */,
			);
			path = Tutorial;
			sourceTree = "<group>";
		};
		F2C6258528B19B60004F8FC8 /* CoreCoordinator */ = {
			isa = PBXGroup;
			children = (
				F2C6258628B19B7C004F8FC8 /* MainCoordinator.swift */,
				F2C6258828B19B98004F8FC8 /* Coordinator.swift */,
			);
			path = CoreCoordinator;
			sourceTree = "<group>";
		};
		F2C6258A28B1A1C7004F8FC8 /* RepositoryTests */ = {
			isa = PBXGroup;
			children = (
				F2C6258B28B1A1E2004F8FC8 /* GeneralStateRepositoryTests.swift */,
			);
			path = RepositoryTests;
			sourceTree = "<group>";
		};
		F2C6258D28B1A736004F8FC8 /* CoreRepository */ = {
			isa = PBXGroup;
			children = (
				F2C6258E28B1A74F004F8FC8 /* Sources */,
			);
			path = CoreRepository;
			sourceTree = "<group>";
		};
		F2C6258E28B1A74F004F8FC8 /* Sources */ = {
			isa = PBXGroup;
			children = (
				F2C6258F28B1A769004F8FC8 /* GeneralStateStorage.swift */,
				F2C6259128B1A77F004F8FC8 /* GeneralStateRepository.swift */,
				F2C6259328B1A79F004F8FC8 /* GeneralState.swift */,
			);
			path = Sources;
			sourceTree = "<group>";
		};
		F2C6259928B1AEFC004F8FC8 /* Resources */ = {
			isa = PBXGroup;
			children = (
				F2C6259C28B1B031004F8FC8 /* Animations */,
			);
			path = Resources;
			sourceTree = "<group>";
		};
		F2C6259A28B1AF04004F8FC8 /* Sources */ = {
			isa = PBXGroup;
			children = (
				F2C625C128B1B0B3004F8FC8 /* Models */,
				F2C625A428B1B077004F8FC8 /* Animations */,
				F2C625A328B1B069004F8FC8 /* Domain */,
				F2C6259B28B1AF0B004F8FC8 /* Views */,
			);
			path = Sources;
			sourceTree = "<group>";
		};
		F2C6259B28B1AF0B004F8FC8 /* Views */ = {
			isa = PBXGroup;
			children = (
				F2C6259728B1ADEA004F8FC8 /* TutorialScreen.swift */,
			);
			path = Views;
			sourceTree = "<group>";
		};
		F2C6259C28B1B031004F8FC8 /* Animations */ = {
			isa = PBXGroup;
			children = (
				F2C625C928B1B2AE004F8FC8 /* design-drawing.json */,
				F2C6259D28B1B050004F8FC8 /* image-scanning.json */,
				F2C6259E28B1B050004F8FC8 /* shiba-relax.json */,
				F2C6259F28B1B051004F8FC8 /* traveling-camera.json */,
			);
			path = Animations;
			sourceTree = "<group>";
		};
		F2C625A328B1B069004F8FC8 /* Domain */ = {
			isa = PBXGroup;
			children = (
				F2C625C628B1B1CF004F8FC8 /* Data */,
				F2C625A528B1B08D004F8FC8 /* TutorialViewModel.swift */,
			);
			path = Domain;
			sourceTree = "<group>";
		};
		F2C625A428B1B077004F8FC8 /* Animations */ = {
			isa = PBXGroup;
			children = (
				F2C625C428B1B0E2004F8FC8 /* TutorialAnimations.swift */,
			);
			path = Animations;
			sourceTree = "<group>";
		};
		F2C625C128B1B0B3004F8FC8 /* Models */ = {
			isa = PBXGroup;
			children = (
				F2C625C228B1B0C2004F8FC8 /* TutorialModel.swift */,
			);
			path = Models;
			sourceTree = "<group>";
		};
		F2C625C628B1B1CF004F8FC8 /* Data */ = {
			isa = PBXGroup;
			children = (
				F2C625C728B1B1DF004F8FC8 /* TutorialContentProvider.swift */,
			);
			path = Data;
			sourceTree = "<group>";
		};
		F2C625CB28B1C5E3004F8FC8 /* Welcome */ = {
			isa = PBXGroup;
			children = (
			);
			path = Welcome;
			sourceTree = "<group>";
		};
/* End PBXGroup section */

/* Begin PBXNativeTarget section */
		F2B2DB7E28AF048D00AA633B /* GoodOnes */ = {
			isa = PBXNativeTarget;
			buildConfigurationList = F2B2DBA328AF049700AA633B /* Build configuration list for PBXNativeTarget "GoodOnes" */;
			buildPhases = (
				F2B2DB7B28AF048D00AA633B /* Sources */,
				F2B2DB7C28AF048D00AA633B /* Frameworks */,
				F2B2DB7D28AF048D00AA633B /* Resources */,
			);
			buildRules = (
			);
			dependencies = (
			);
			name = GoodOnes;
			packageProductDependencies = (
				F2B2DBB428AF383000AA633B /* Popovers */,
				F2C6257128B16DD3004F8FC8 /* Lottie */,
			);
			productName = GoodOnes;
			productReference = F2B2DB7F28AF048D00AA633B /* GoodOnes.app */;
			productType = "com.apple.product-type.application";
		};
		F2B2DB8E28AF049700AA633B /* GoodOnesTests */ = {
			isa = PBXNativeTarget;
			buildConfigurationList = F2B2DBA628AF049700AA633B /* Build configuration list for PBXNativeTarget "GoodOnesTests" */;
			buildPhases = (
				F2B2DB8B28AF049700AA633B /* Sources */,
				F2B2DB8C28AF049700AA633B /* Frameworks */,
				F2B2DB8D28AF049700AA633B /* Resources */,
			);
			buildRules = (
			);
			dependencies = (
				F2B2DB9128AF049700AA633B /* PBXTargetDependency */,
			);
			name = GoodOnesTests;
			productName = GoodOnesTests;
			productReference = F2B2DB8F28AF049700AA633B /* GoodOnesTests.xctest */;
			productType = "com.apple.product-type.bundle.unit-test";
		};
/* End PBXNativeTarget section */

/* Begin PBXProject section */
		F2B2DB7728AF048D00AA633B /* Project object */ = {
			isa = PBXProject;
			attributes = {
				BuildIndependentTargetsInParallel = 1;
				LastSwiftUpdateCheck = 1340;
				LastUpgradeCheck = 1340;
				TargetAttributes = {
					F2B2DB7E28AF048D00AA633B = {
						CreatedOnToolsVersion = 13.4.1;
					};
					F2B2DB8E28AF049700AA633B = {
						CreatedOnToolsVersion = 13.4.1;
						TestTargetID = F2B2DB7E28AF048D00AA633B;
					};
				};
			};
			buildConfigurationList = F2B2DB7A28AF048D00AA633B /* Build configuration list for PBXProject "GoodOnes" */;
			compatibilityVersion = "Xcode 13.0";
			developmentRegion = en;
			hasScannedForEncodings = 0;
			knownRegions = (
				en,
				Base,
			);
			mainGroup = F2B2DB7628AF048D00AA633B;
			packageReferences = (
				F2B2DBB328AF383000AA633B /* XCRemoteSwiftPackageReference "Popovers" */,
				F2C6257028B16DD3004F8FC8 /* XCRemoteSwiftPackageReference "lottie-ios" */,
			);
			productRefGroup = F2B2DB8028AF048D00AA633B /* Products */;
			projectDirPath = "";
			projectRoot = "";
			targets = (
				F2B2DB7E28AF048D00AA633B /* GoodOnes */,
				F2B2DB8E28AF049700AA633B /* GoodOnesTests */,
			);
		};
/* End PBXProject section */

/* Begin PBXResourcesBuildPhase section */
		F2B2DB7D28AF048D00AA633B /* Resources */ = {
			isa = PBXResourcesBuildPhase;
			buildActionMask = 2147483647;
			files = (
				F2C625CA28B1B2AE004F8FC8 /* design-drawing.json in Resources */,
				F2C625A228B1B051004F8FC8 /* traveling-camera.json in Resources */,
				F2B2DB8A28AF049700AA633B /* Preview Assets.xcassets in Resources */,
				F2C6257B28B17F50004F8FC8 /* alien-hypnotize.json in Resources */,
				F2B2DB8728AF049700AA633B /* Assets.xcassets in Resources */,
				F2C625A028B1B051004F8FC8 /* image-scanning.json in Resources */,
				F2C625A128B1B051004F8FC8 /* shiba-relax.json in Resources */,
				F2C6256F28B16D7F004F8FC8 /* bird-waiting.json in Resources */,
			);
			runOnlyForDeploymentPostprocessing = 0;
		};
		F2B2DB8D28AF049700AA633B /* Resources */ = {
			isa = PBXResourcesBuildPhase;
			buildActionMask = 2147483647;
			files = (
			);
			runOnlyForDeploymentPostprocessing = 0;
		};
/* End PBXResourcesBuildPhase section */

/* Begin PBXSourcesBuildPhase section */
		F2B2DB7B28AF048D00AA633B /* Sources */ = {
			isa = PBXSourcesBuildPhase;
			buildActionMask = 2147483647;
			files = (
				F2B2DB8528AF048D00AA633B /* ContentView.swift in Sources */,
				F2C6258728B19B7C004F8FC8 /* MainCoordinator.swift in Sources */,
				F2C6258928B19B98004F8FC8 /* Coordinator.swift in Sources */,
				F2C6258328B192A1004F8FC8 /* CornerRadius+SpecificCorners.swift in Sources */,
				F2C6257728B17684004F8FC8 /* Also.swift in Sources */,
				F2C625C828B1B1DF004F8FC8 /* TutorialContentProvider.swift in Sources */,
				F2B2DBB028AF1A4400AA633B /* PhotoCell.swift in Sources */,
				F2C6257D28B1872D004F8FC8 /* WelcomeScreen.swift in Sources */,
				F2C6257428B17365004F8FC8 /* Lottie.swift in Sources */,
				F2C6256828B16BF7004F8FC8 /* Loading.swift in Sources */,
				F2B2DBB228AF294B00AA633B /* GridView.swift in Sources */,
				F2C6257928B17EB3004F8FC8 /* ErrorScreen.swift in Sources */,
				F2B2DB8328AF048D00AA633B /* GoodOnesApp.swift in Sources */,
				F2C6259428B1A79F004F8FC8 /* GeneralState.swift in Sources */,
				F2C625C328B1B0C2004F8FC8 /* TutorialModel.swift in Sources */,
				F2C6259828B1ADEA004F8FC8 /* TutorialScreen.swift in Sources */,
				F2C6259028B1A769004F8FC8 /* GeneralStateStorage.swift in Sources */,
				F2C625CF28B1CB1F004F8FC8 /* GalleryPermissionUseCase.swift in Sources */,
				F2C625CD28B1C701004F8FC8 /* WelcomeViewModel.swift in Sources */,
				F2C6258028B18ADA004F8FC8 /* DefaultButtonStyle.swift in Sources */,
				F2C625A628B1B08D004F8FC8 /* TutorialViewModel.swift in Sources */,
				F2C625C528B1B0E2004F8FC8 /* TutorialAnimations.swift in Sources */,
				F2C6259228B1A77F004F8FC8 /* GeneralStateRepository.swift in Sources */,
			);
			runOnlyForDeploymentPostprocessing = 0;
		};
		F2B2DB8B28AF049700AA633B /* Sources */ = {
			isa = PBXSourcesBuildPhase;
			buildActionMask = 2147483647;
			files = (
				F2C6258C28B1A1E2004F8FC8 /* GeneralStateRepositoryTests.swift in Sources */,
				F2B2DB9428AF049700AA633B /* GoodOnesTests.swift in Sources */,
			);
			runOnlyForDeploymentPostprocessing = 0;
		};
/* End PBXSourcesBuildPhase section */

/* Begin PBXTargetDependency section */
		F2B2DB9128AF049700AA633B /* PBXTargetDependency */ = {
			isa = PBXTargetDependency;
			target = F2B2DB7E28AF048D00AA633B /* GoodOnes */;
			targetProxy = F2B2DB9028AF049700AA633B /* PBXContainerItemProxy */;
		};
/* End PBXTargetDependency section */

/* Begin XCBuildConfiguration section */
		F2B2DBA128AF049700AA633B /* Debug */ = {
			isa = XCBuildConfiguration;
			buildSettings = {
				ALWAYS_SEARCH_USER_PATHS = NO;
				CLANG_ANALYZER_NONNULL = YES;
				CLANG_ANALYZER_NUMBER_OBJECT_CONVERSION = YES_AGGRESSIVE;
				CLANG_CXX_LANGUAGE_STANDARD = "gnu++17";
				CLANG_ENABLE_MODULES = YES;
				CLANG_ENABLE_OBJC_ARC = YES;
				CLANG_ENABLE_OBJC_WEAK = YES;
				CLANG_WARN_BLOCK_CAPTURE_AUTORELEASING = YES;
				CLANG_WARN_BOOL_CONVERSION = YES;
				CLANG_WARN_COMMA = YES;
				CLANG_WARN_CONSTANT_CONVERSION = YES;
				CLANG_WARN_DEPRECATED_OBJC_IMPLEMENTATIONS = YES;
				CLANG_WARN_DIRECT_OBJC_ISA_USAGE = YES_ERROR;
				CLANG_WARN_DOCUMENTATION_COMMENTS = YES;
				CLANG_WARN_EMPTY_BODY = YES;
				CLANG_WARN_ENUM_CONVERSION = YES;
				CLANG_WARN_INFINITE_RECURSION = YES;
				CLANG_WARN_INT_CONVERSION = YES;
				CLANG_WARN_NON_LITERAL_NULL_CONVERSION = YES;
				CLANG_WARN_OBJC_IMPLICIT_RETAIN_SELF = YES;
				CLANG_WARN_OBJC_LITERAL_CONVERSION = YES;
				CLANG_WARN_OBJC_ROOT_CLASS = YES_ERROR;
				CLANG_WARN_QUOTED_INCLUDE_IN_FRAMEWORK_HEADER = YES;
				CLANG_WARN_RANGE_LOOP_ANALYSIS = YES;
				CLANG_WARN_STRICT_PROTOTYPES = YES;
				CLANG_WARN_SUSPICIOUS_MOVE = YES;
				CLANG_WARN_UNGUARDED_AVAILABILITY = YES_AGGRESSIVE;
				CLANG_WARN_UNREACHABLE_CODE = YES;
				CLANG_WARN__DUPLICATE_METHOD_MATCH = YES;
				COPY_PHASE_STRIP = NO;
				DEBUG_INFORMATION_FORMAT = dwarf;
				ENABLE_STRICT_OBJC_MSGSEND = YES;
				ENABLE_TESTABILITY = YES;
				GCC_C_LANGUAGE_STANDARD = gnu11;
				GCC_DYNAMIC_NO_PIC = NO;
				GCC_NO_COMMON_BLOCKS = YES;
				GCC_OPTIMIZATION_LEVEL = 0;
				GCC_PREPROCESSOR_DEFINITIONS = (
					"DEBUG=1",
					"$(inherited)",
				);
				GCC_WARN_64_TO_32_BIT_CONVERSION = YES;
				GCC_WARN_ABOUT_RETURN_TYPE = YES_ERROR;
				GCC_WARN_UNDECLARED_SELECTOR = YES;
				GCC_WARN_UNINITIALIZED_AUTOS = YES_AGGRESSIVE;
				GCC_WARN_UNUSED_FUNCTION = YES;
				GCC_WARN_UNUSED_VARIABLE = YES;
				IPHONEOS_DEPLOYMENT_TARGET = 15.5;
				MTL_ENABLE_DEBUG_INFO = INCLUDE_SOURCE;
				MTL_FAST_MATH = YES;
				ONLY_ACTIVE_ARCH = YES;
				SDKROOT = iphoneos;
				SWIFT_ACTIVE_COMPILATION_CONDITIONS = DEBUG;
				SWIFT_OPTIMIZATION_LEVEL = "-Onone";
			};
			name = Debug;
		};
		F2B2DBA228AF049700AA633B /* Release */ = {
			isa = XCBuildConfiguration;
			buildSettings = {
				ALWAYS_SEARCH_USER_PATHS = NO;
				CLANG_ANALYZER_NONNULL = YES;
				CLANG_ANALYZER_NUMBER_OBJECT_CONVERSION = YES_AGGRESSIVE;
				CLANG_CXX_LANGUAGE_STANDARD = "gnu++17";
				CLANG_ENABLE_MODULES = YES;
				CLANG_ENABLE_OBJC_ARC = YES;
				CLANG_ENABLE_OBJC_WEAK = YES;
				CLANG_WARN_BLOCK_CAPTURE_AUTORELEASING = YES;
				CLANG_WARN_BOOL_CONVERSION = YES;
				CLANG_WARN_COMMA = YES;
				CLANG_WARN_CONSTANT_CONVERSION = YES;
				CLANG_WARN_DEPRECATED_OBJC_IMPLEMENTATIONS = YES;
				CLANG_WARN_DIRECT_OBJC_ISA_USAGE = YES_ERROR;
				CLANG_WARN_DOCUMENTATION_COMMENTS = YES;
				CLANG_WARN_EMPTY_BODY = YES;
				CLANG_WARN_ENUM_CONVERSION = YES;
				CLANG_WARN_INFINITE_RECURSION = YES;
				CLANG_WARN_INT_CONVERSION = YES;
				CLANG_WARN_NON_LITERAL_NULL_CONVERSION = YES;
				CLANG_WARN_OBJC_IMPLICIT_RETAIN_SELF = YES;
				CLANG_WARN_OBJC_LITERAL_CONVERSION = YES;
				CLANG_WARN_OBJC_ROOT_CLASS = YES_ERROR;
				CLANG_WARN_QUOTED_INCLUDE_IN_FRAMEWORK_HEADER = YES;
				CLANG_WARN_RANGE_LOOP_ANALYSIS = YES;
				CLANG_WARN_STRICT_PROTOTYPES = YES;
				CLANG_WARN_SUSPICIOUS_MOVE = YES;
				CLANG_WARN_UNGUARDED_AVAILABILITY = YES_AGGRESSIVE;
				CLANG_WARN_UNREACHABLE_CODE = YES;
				CLANG_WARN__DUPLICATE_METHOD_MATCH = YES;
				COPY_PHASE_STRIP = NO;
				DEBUG_INFORMATION_FORMAT = "dwarf-with-dsym";
				ENABLE_NS_ASSERTIONS = NO;
				ENABLE_STRICT_OBJC_MSGSEND = YES;
				GCC_C_LANGUAGE_STANDARD = gnu11;
				GCC_NO_COMMON_BLOCKS = YES;
				GCC_WARN_64_TO_32_BIT_CONVERSION = YES;
				GCC_WARN_ABOUT_RETURN_TYPE = YES_ERROR;
				GCC_WARN_UNDECLARED_SELECTOR = YES;
				GCC_WARN_UNINITIALIZED_AUTOS = YES_AGGRESSIVE;
				GCC_WARN_UNUSED_FUNCTION = YES;
				GCC_WARN_UNUSED_VARIABLE = YES;
				IPHONEOS_DEPLOYMENT_TARGET = 15.5;
				MTL_ENABLE_DEBUG_INFO = NO;
				MTL_FAST_MATH = YES;
				SDKROOT = iphoneos;
				SWIFT_COMPILATION_MODE = wholemodule;
				SWIFT_OPTIMIZATION_LEVEL = "-O";
				VALIDATE_PRODUCT = YES;
			};
			name = Release;
		};
		F2B2DBA428AF049700AA633B /* Debug */ = {
			isa = XCBuildConfiguration;
			buildSettings = {
				ASSETCATALOG_COMPILER_APPICON_NAME = AppIcon;
				ASSETCATALOG_COMPILER_GLOBAL_ACCENT_COLOR_NAME = AccentColor;
				CODE_SIGN_STYLE = Automatic;
				CURRENT_PROJECT_VERSION = 1;
				DEVELOPMENT_ASSET_PATHS = "\"GoodOnes/Preview Content\"";
				DEVELOPMENT_TEAM = 4588TAK2RM;
				ENABLE_PREVIEWS = YES;
				GENERATE_INFOPLIST_FILE = YES;
				INFOPLIST_KEY_NSPhotoLibraryUsageDescription = "You need this permission to do awesome things with your photos";
				INFOPLIST_KEY_UIApplicationSceneManifest_Generation = YES;
				INFOPLIST_KEY_UIApplicationSupportsIndirectInputEvents = YES;
				INFOPLIST_KEY_UILaunchScreen_Generation = YES;
				INFOPLIST_KEY_UISupportedInterfaceOrientations_iPad = "UIInterfaceOrientationPortrait UIInterfaceOrientationPortraitUpsideDown UIInterfaceOrientationLandscapeLeft UIInterfaceOrientationLandscapeRight";
				INFOPLIST_KEY_UISupportedInterfaceOrientations_iPhone = "UIInterfaceOrientationPortrait UIInterfaceOrientationLandscapeLeft UIInterfaceOrientationLandscapeRight";
				LD_RUNPATH_SEARCH_PATHS = (
					"$(inherited)",
					"@executable_path/Frameworks",
				);
				MARKETING_VERSION = 1.0;
				PRODUCT_BUNDLE_IDENTIFIER = com.lpaim.GoodOnes;
				PRODUCT_NAME = "$(TARGET_NAME)";
				SWIFT_EMIT_LOC_STRINGS = YES;
				SWIFT_VERSION = 5.0;
				TARGETED_DEVICE_FAMILY = "1,2";
			};
			name = Debug;
		};
		F2B2DBA528AF049700AA633B /* Release */ = {
			isa = XCBuildConfiguration;
			buildSettings = {
				ASSETCATALOG_COMPILER_APPICON_NAME = AppIcon;
				ASSETCATALOG_COMPILER_GLOBAL_ACCENT_COLOR_NAME = AccentColor;
				CODE_SIGN_STYLE = Automatic;
				CURRENT_PROJECT_VERSION = 1;
				DEVELOPMENT_ASSET_PATHS = "\"GoodOnes/Preview Content\"";
				DEVELOPMENT_TEAM = 4588TAK2RM;
				ENABLE_PREVIEWS = YES;
				GENERATE_INFOPLIST_FILE = YES;
				INFOPLIST_KEY_NSPhotoLibraryUsageDescription = "You need this permission to do awesome things with your photos";
				INFOPLIST_KEY_UIApplicationSceneManifest_Generation = YES;
				INFOPLIST_KEY_UIApplicationSupportsIndirectInputEvents = YES;
				INFOPLIST_KEY_UILaunchScreen_Generation = YES;
				INFOPLIST_KEY_UISupportedInterfaceOrientations_iPad = "UIInterfaceOrientationPortrait UIInterfaceOrientationPortraitUpsideDown UIInterfaceOrientationLandscapeLeft UIInterfaceOrientationLandscapeRight";
				INFOPLIST_KEY_UISupportedInterfaceOrientations_iPhone = "UIInterfaceOrientationPortrait UIInterfaceOrientationLandscapeLeft UIInterfaceOrientationLandscapeRight";
				LD_RUNPATH_SEARCH_PATHS = (
					"$(inherited)",
					"@executable_path/Frameworks",
				);
				MARKETING_VERSION = 1.0;
				PRODUCT_BUNDLE_IDENTIFIER = com.lpaim.GoodOnes;
				PRODUCT_NAME = "$(TARGET_NAME)";
				SWIFT_EMIT_LOC_STRINGS = YES;
				SWIFT_VERSION = 5.0;
				TARGETED_DEVICE_FAMILY = "1,2";
			};
			name = Release;
		};
		F2B2DBA728AF049700AA633B /* Debug */ = {
			isa = XCBuildConfiguration;
			buildSettings = {
				ALWAYS_EMBED_SWIFT_STANDARD_LIBRARIES = YES;
				BUNDLE_LOADER = "$(TEST_HOST)";
				CODE_SIGN_STYLE = Automatic;
				CURRENT_PROJECT_VERSION = 1;
				DEVELOPMENT_TEAM = 4588TAK2RM;
				GENERATE_INFOPLIST_FILE = YES;
				IPHONEOS_DEPLOYMENT_TARGET = 15.5;
				MARKETING_VERSION = 1.0;
				PRODUCT_BUNDLE_IDENTIFIER = com.lpaim.GoodOnesTests;
				PRODUCT_NAME = "$(TARGET_NAME)";
				SWIFT_EMIT_LOC_STRINGS = NO;
				SWIFT_VERSION = 5.0;
				TARGETED_DEVICE_FAMILY = "1,2";
				TEST_HOST = "$(BUILT_PRODUCTS_DIR)/GoodOnes.app/GoodOnes";
			};
			name = Debug;
		};
		F2B2DBA828AF049700AA633B /* Release */ = {
			isa = XCBuildConfiguration;
			buildSettings = {
				ALWAYS_EMBED_SWIFT_STANDARD_LIBRARIES = YES;
				BUNDLE_LOADER = "$(TEST_HOST)";
				CODE_SIGN_STYLE = Automatic;
				CURRENT_PROJECT_VERSION = 1;
				DEVELOPMENT_TEAM = 4588TAK2RM;
				GENERATE_INFOPLIST_FILE = YES;
				IPHONEOS_DEPLOYMENT_TARGET = 15.5;
				MARKETING_VERSION = 1.0;
				PRODUCT_BUNDLE_IDENTIFIER = com.lpaim.GoodOnesTests;
				PRODUCT_NAME = "$(TARGET_NAME)";
				SWIFT_EMIT_LOC_STRINGS = NO;
				SWIFT_VERSION = 5.0;
				TARGETED_DEVICE_FAMILY = "1,2";
				TEST_HOST = "$(BUILT_PRODUCTS_DIR)/GoodOnes.app/GoodOnes";
			};
			name = Release;
		};
/* End XCBuildConfiguration section */

/* Begin XCConfigurationList section */
		F2B2DB7A28AF048D00AA633B /* Build configuration list for PBXProject "GoodOnes" */ = {
			isa = XCConfigurationList;
			buildConfigurations = (
				F2B2DBA128AF049700AA633B /* Debug */,
				F2B2DBA228AF049700AA633B /* Release */,
			);
			defaultConfigurationIsVisible = 0;
			defaultConfigurationName = Release;
		};
		F2B2DBA328AF049700AA633B /* Build configuration list for PBXNativeTarget "GoodOnes" */ = {
			isa = XCConfigurationList;
			buildConfigurations = (
				F2B2DBA428AF049700AA633B /* Debug */,
				F2B2DBA528AF049700AA633B /* Release */,
			);
			defaultConfigurationIsVisible = 0;
			defaultConfigurationName = Release;
		};
		F2B2DBA628AF049700AA633B /* Build configuration list for PBXNativeTarget "GoodOnesTests" */ = {
			isa = XCConfigurationList;
			buildConfigurations = (
				F2B2DBA728AF049700AA633B /* Debug */,
				F2B2DBA828AF049700AA633B /* Release */,
			);
			defaultConfigurationIsVisible = 0;
			defaultConfigurationName = Release;
		};
/* End XCConfigurationList section */

/* Begin XCRemoteSwiftPackageReference section */
		F2B2DBB328AF383000AA633B /* XCRemoteSwiftPackageReference "Popovers" */ = {
			isa = XCRemoteSwiftPackageReference;
			repositoryURL = "https://github.com/aheze/Popovers";
			requirement = {
				kind = upToNextMajorVersion;
				minimumVersion = 1.0.0;
			};
		};
		F2C6257028B16DD3004F8FC8 /* XCRemoteSwiftPackageReference "lottie-ios" */ = {
			isa = XCRemoteSwiftPackageReference;
			repositoryURL = "https://github.com/airbnb/lottie-ios";
			requirement = {
				kind = upToNextMajorVersion;
				minimumVersion = 3.0.0;
			};
		};
/* End XCRemoteSwiftPackageReference section */

/* Begin XCSwiftPackageProductDependency section */
		F2B2DBB428AF383000AA633B /* Popovers */ = {
			isa = XCSwiftPackageProductDependency;
			package = F2B2DBB328AF383000AA633B /* XCRemoteSwiftPackageReference "Popovers" */;
			productName = Popovers;
		};
		F2C6257128B16DD3004F8FC8 /* Lottie */ = {
			isa = XCSwiftPackageProductDependency;
			package = F2C6257028B16DD3004F8FC8 /* XCRemoteSwiftPackageReference "lottie-ios" */;
			productName = Lottie;
		};
/* End XCSwiftPackageProductDependency section */
	};
	rootObject = F2B2DB7728AF048D00AA633B /* Project object */;
}
